<?xml version="1.0" encoding="utf-8"?>
<Project ToolsVersion="4.0" xmlns="http://schemas.microsoft.com/developer/msbuild/2003">
  <ItemGroup>
    <Filter Include="Source Files">
      <UniqueIdentifier>{4FC737F1-C7A5-4376-A066-2A32D752A2FF}</UniqueIdentifier>
      <Extensions>cpp;c;cc;cxx;c++;cppm;ixx;def;odl;idl;hpj;bat;asm;asmx</Extensions>
    </Filter>
    <Filter Include="Header Files">
      <UniqueIdentifier>{93995380-89BD-4b04-88EB-625FBE52EBFB}</UniqueIdentifier>
      <Extensions>h;hh;hpp;hxx;h++;hm;inl;inc;ipp;xsd</Extensions>
    </Filter>
    <Filter Include="Resource Files">
      <UniqueIdentifier>{67DA6AB6-F800-4c08-8B7A-83BB121AAD01}</UniqueIdentifier>
      <Extensions>rc;ico;cur;bmp;dlg;rc2;rct;bin;rgs;gif;jpg;jpeg;jpe;resx;tiff;tif;png;wav;mfcribbon-ms</Extensions>
    </Filter>
    <Filter Include="Api">
      <UniqueIdentifier>{936f041c-2306-447b-a958-7533446d3612}</UniqueIdentifier>
    </Filter>
    <Filter Include="Source Files\Class">
      <UniqueIdentifier>{63d16fc8-d142-4793-9a5a-67c2d7469a98}</UniqueIdentifier>
    </Filter>
    <Filter Include="Source Files\SDK">
      <UniqueIdentifier>{a8918918-24c3-4175-ac6e-893c9db8de36}</UniqueIdentifier>
    </Filter>
  </ItemGroup>
  <ItemGroup>
    <Library Include="libcurl.lib">
      <Filter>Header Files</Filter>
    </Library>
    <Library Include="library_x64.lib">
      <Filter>Header Files</Filter>
    </Library>
    <Library Include="api\library_x64.lib">
      <Filter>Api</Filter>
    </Library>
    <Library Include="api\libcurl.lib">
      <Filter>Api</Filter>
    </Library>
  </ItemGroup>
  <ItemGroup>
    <ClCompile Include="MainConsole.cpp">
      <Filter>Source Files</Filter>
    </ClCompile>
    <ClCompile Include="stdafx.cpp">
      <Filter>Source Files</Filter>
    </ClCompile>
    <ClCompile Include="Discord SDK\src\connection_win.cpp">
      <Filter>Source Files\SDK</Filter>
    </ClCompile>
    <ClCompile Include="Discord SDK\src\discord_register_win.cpp">
      <Filter>Source Files\SDK</Filter>
    </ClCompile>
    <ClCompile Include="Discord SDK\src\discord_rpc.cpp">
      <Filter>Source Files\SDK</Filter>
    </ClCompile>
    <ClCompile Include="Discord SDK\src\dllmain.cpp">
      <Filter>Source Files\SDK</Filter>
    </ClCompile>
    <ClCompile Include="Discord SDK\src\rpc_connection.cpp">
      <Filter>Source Files\SDK</Filter>
    </ClCompile>
    <ClCompile Include="Discord SDK\src\serialization.cpp">
      <Filter>Source Files\SDK</Filter>
    </ClCompile>
    <ClCompile Include="Discord.cpp">
      <Filter>Source Files\Class</Filter>
    </ClCompile>
  </ItemGroup>
  <ItemGroup>
    <ResourceCompile Include="Project11.rc">
      <Filter>Header Files</Filter>
    </ResourceCompile>
  </ItemGroup>
  <ItemGroup>
    <ClInclude Include="resource.h">
      <Filter>Header Files</Filter>
    </ClInclude>
    <ClInclude Include="resource1.h">
      <Filter>Header Files</Filter>
    </ClInclude>
    <ClInclude Include="stdafx.h">
      <Filter>Header Files</Filter>
    </ClInclude>
    <ClInclude Include="xorstr.hpp">
      <Filter>Header Files</Filter>
    </ClInclude>
    <ClInclude Include="api\skStr.h">
      <Filter>Api</Filter>
    </ClInclude>
    <ClInclude Include="api\utils.hpp">
      <Filter>Api</Filter>
    </ClInclude>
    <ClInclude Include="api\auth.hpp">
      <Filter>Api</Filter>
    </ClInclude>
    <ClInclude Include="api\json.hpp">
      <Filter>Api</Filter>
    </ClInclude>
    <ClInclude Include="Discord SDK\src\backoff.h">
      <Filter>Source Files\SDK</Filter>
    </ClInclude>
    <ClInclude Include="Discord SDK\src\rpc_connection.h">
      <Filter>Source Files\SDK</Filter>
    </ClInclude>
    <ClInclude Include="Discord SDK\src\serialization.h">
      <Filter>Source Files\SDK</Filter>
    </ClInclude>
    <ClInclude Include="Discord.h">
      <Filter>Source Files\Class</Filter>
    </ClInclude>
  </ItemGroup>
  <ItemGroup>
    <Image Include="small.ico">
      <Filter>Header Files</Filter>
    </Image>
  </ItemGroup>
</Project>